
Microsoft Visual Studio Solution File, Format Version 12.00
# Visual Studio Version 17
VisualStudioVersion = 17.5.33424.131
MinimumVisualStudioVersion = 10.0.40219.1
Project("{9A19103F-16F7-4668-BE54-9A1E7A4F7556}") = "WebApplication5", "Invoice\WebApplication5.csproj", "{CC089953-1D29-4C01-91B2-BD4E90D1C6FC}"
EndProject
Project("{FAE04EC0-301F-11D3-BF4B-00C04F79EFBC}") = "Domain", "Domain\Domain.csproj", "{9E70D8E8-17A9-44BC-ADDC-46B8F6F5E20A}"
EndProject
Project("{FAE04EC0-301F-11D3-BF4B-00C04F79EFBC}") = "Business", "Bysiness\Business.csproj", "{1E5609DD-6498-4115-B913-7CA91F7D88DC}"
EndProject
Global
	GlobalSection(SolutionConfigurationPlatforms) = preSolution
		Debug|Any CPU = Debug|Any CPU
		Release|Any CPU = Release|Any CPU
	EndGlobalSection
	GlobalSection(ProjectConfigurationPlatforms) = postSolution
		{CC089953-1D29-4C01-91B2-BD4E90D1C6FC}.Debug|Any CPU.ActiveCfg = Debug|Any CPU
		{CC089953-1D29-4C01-91B2-BD4E90D1C6FC}.Debug|Any CPU.Build.0 = Debug|Any CPU
		{CC089953-1D29-4C01-91B2-BD4E90D1C6FC}.Release|Any CPU.ActiveCfg = Release|Any CPU
		{CC089953-1D29-4C01-91B2-BD4E90D1C6FC}.Release|Any CPU.Build.0 = Release|Any CPU
		{9E70D8E8-17A9-44BC-ADDC-46B8F6F5E20A}.Debug|Any CPU.ActiveCfg = Debug|Any CPU
		{9E70D8E8-17A9-44BC-ADDC-46B8F6F5E20A}.Debug|Any CPU.Build.0 = Debug|Any CPU
		{9E70D8E8-17A9-44BC-ADDC-46B8F6F5E20A}.Release|Any CPU.ActiveCfg = Release|Any CPU
		{9E70D8E8-17A9-44BC-ADDC-46B8F6F5E20A}.Release|Any CPU.Build.0 = Release|Any CPU
		{1E5609DD-6498-4115-B913-7CA91F7D88DC}.Debug|Any CPU.ActiveCfg = Debug|Any CPU
		{1E5609DD-6498-4115-B913-7CA91F7D88DC}.Debug|Any CPU.Build.0 = Debug|Any CPU
		{1E5609DD-6498-4115-B913-7CA91F7D88DC}.Release|Any CPU.ActiveCfg = Release|Any CPU
		{1E5609DD-6498-4115-B913-7CA91F7D88DC}.Release|Any CPU.Build.0 = Release|Any CPU
	EndGlobalSection
	GlobalSection(SolutionProperties) = preSolution
		HideSolutionNode = FALSE
	EndGlobalSection
	GlobalSection(ExtensibilityGlobals) = postSolution
		SolutionGuid = {C1E0ADD1-A095-41A1-B5FD-51A5DB2654AA}
	EndGlobalSection
EndGlobal
